Microsoft Visual Studio Solution File, Format Version 12.00
# Visual Studio Version 17
VisualStudioVersion = 17.5.2.0
MinimumVisualStudioVersion = 10.0.40219.1
Project("{FAE04EC0-301F-11D3-BF4B-00C04F79EFBC}") = "Crosstalk", "Crosstalk.csproj", "{719D732A-16F7-C657-864D-4C68E4633498}"
EndProject
Global
	GlobalSection(SolutionConfigurationPlatforms) = preSolution
		Debug|Any CPU = Debug|Any CPU
		Release|Any CPU = Release|Any CPU
	EndGlobalSection
	GlobalSection(ProjectConfigurationPlatforms) = postSolution
		{719D732A-16F7-C657-864D-4C68E4633498}.Debug|Any CPU.ActiveCfg = Debug|Any CPU
		{719D732A-16F7-C657-864D-4C68E4633498}.Debug|Any CPU.Build.0 = Debug|Any CPU
		{719D732A-16F7-C657-864D-4C68E4633498}.Release|Any CPU.ActiveCfg = Release|Any CPU
		{719D732A-16F7-C657-864D-4C68E4633498}.Release|Any CPU.Build.0 = Release|Any CPU
	EndGlobalSection
	GlobalSection(SolutionProperties) = preSolution
		HideSolutionNode = FALSE
	EndGlobalSection
	GlobalSection(ExtensibilityGlobals) = postSolution
		SolutionGuid = {66134751-CC72-448E-B310-1376FAAB2815}
	EndGlobalSection
EndGlobal
